
Microsoft Visual Studio Solution File, Format Version 12.00
# Visual Studio Version 17
VisualStudioVersion = 17.10.34928.147
MinimumVisualStudioVersion = 10.0.40219.1
Project("{FAE04EC0-301F-11D3-BF4B-00C04F79EFBC}") = "ProyectoFinalAp", "ProyectoFinalAp\ProyectoFinalAp.csproj", "{685E29C6-438C-4869-90E6-8963E301FB7C}"
EndProject
Global
	GlobalSection(SolutionConfigurationPlatforms) = preSolution
		Debug|Any CPU = Debug|Any CPU
		Release|Any CPU = Release|Any CPU
	EndGlobalSection
	GlobalSection(ProjectConfigurationPlatforms) = postSolution
		{685E29C6-438C-4869-90E6-8963E301FB7C}.Debug|Any CPU.ActiveCfg = Debug|Any CPU
		{685E29C6-438C-4869-90E6-8963E301FB7C}.Debug|Any CPU.Build.0 = Debug|Any CPU
		{685E29C6-438C-4869-90E6-8963E301FB7C}.Release|Any CPU.ActiveCfg = Release|Any CPU
		{685E29C6-438C-4869-90E6-8963E301FB7C}.Release|Any CPU.Build.0 = Release|Any CPU
	EndGlobalSection
	GlobalSection(SolutionProperties) = preSolution
		HideSolutionNode = FALSE
	EndGlobalSection
	GlobalSection(ExtensibilityGlobals) = postSolution
		SolutionGuid = {51E20137-42A2-4C32-9214-AB694F9795DE}
	EndGlobalSection
EndGlobal
